{
  "version": 4,
  "terraform_version": "1.5.4",
  "serial": 15,
  "lineage": "6a0b08a1-110b-c0de-94a8-75cb88c95760",
  "outputs": {},
  "resources": [
    {
      "mode": "managed",
      "type": "azurerm_resource_group",
      "name": "Resourcegroup",
      "provider": "provider[\"registry.terraform.io/hashicorp/azurerm\"]",
      "instances": [
        {
          "schema_version": 0,
          "attributes": {
            "id": "/subscriptions/373d0e1e-4813-4ec5-800b-b2957b445d58/resourceGroups/rg-adl-osr-mo",
            "location": "japaneast",
            "managed_by": "",
            "name": "rg-adl-osr-mo",
            "tags": {
              "CreaterName": "Chutiwan Dongchan",
              "UserEmail": "siwanato@ais.co.th",
              "UserName": "Siwanat Ponkhun"
            },
            "timeouts": null
          },
          "sensitive_attributes": [],
          "private": "eyJlMmJmYjczMC1lY2FhLTExZTYtOGY4OC0zNDM2M2JjN2M0YzAiOnsiY3JlYXRlIjo1NDAwMDAwMDAwMDAwLCJkZWxldGUiOjU0MDAwMDAwMDAwMDAsInJlYWQiOjMwMDAwMDAwMDAwMCwidXBkYXRlIjo1NDAwMDAwMDAwMDAwfX0="
        }
      ]
    },
    {
      "mode": "managed",
      "type": "azurerm_virtual_network",
      "name": "vnet-rg-adl-osr-mo-lad",
      "provider": "provider[\"registry.terraform.io/hashicorp/azurerm\"]",
      "instances": [
        {
          "schema_version": 0,
          "attributes": {
            "address_space": [
              "172.19.42.0/24"
            ],
            "bgp_community": "",
            "ddos_protection_plan": [],
            "dns_servers": [],
            "edge_zone": "",
            "encryption": [],
            "flow_timeout_in_minutes": 0,
            "guid": "31d6e229-26a1-41f3-8d17-5dd724c159bf",
            "id": "/subscriptions/373d0e1e-4813-4ec5-800b-b2957b445d58/resourceGroups/rg-adl-osr-mo/providers/Microsoft.Network/virtualNetworks/vnet-common-mo-lad",
            "location": "japaneast",
            "name": "vnet-common-mo-lad",
            "resource_group_name": "rg-adl-osr-mo",
            "subnet": [],
            "tags": {
              "CreaterName": "Chutiwan Dongchan",
              "UserEmail": "siwanato@ais.co.th",
              "UserName": "Siwanat Ponkhun"
            },
            "timeouts": null
          },
          "sensitive_attributes": [],
          "private": "eyJlMmJmYjczMC1lY2FhLTExZTYtOGY4OC0zNDM2M2JjN2M0YzAiOnsiY3JlYXRlIjoxODAwMDAwMDAwMDAwLCJkZWxldGUiOjE4MDAwMDAwMDAwMDAsInJlYWQiOjMwMDAwMDAwMDAwMCwidXBkYXRlIjoxODAwMDAwMDAwMDAwfX0=",
          "dependencies": [
            "azurerm_resource_group.Resourcegroup"
          ]
        }
      ]
    }
  ],
  "check_results": null
}
